# THIS IS AN AUTOGENERATED FILE. DO NOT EDIT THIS FILE DIRECTLY.
# yarn lockfile v1


njs-types@^0.8.2:
  version "0.8.2"
  resolved "https://registry.yarnpkg.com/njs-types/-/njs-types-0.8.2.tgz#39139a6e25d47914d6ded9959d75fa62e6168dde"
  integrity sha512-6uv1Tcb4khW45LHZqj5vu1uo7WbvB6nINZjDVmryOxiO3K7rDMqRVNJbYtLHOKNbGDqLygIip9iYZbFViIVGqA==
